
Microsoft Visual Studio Solution File, Format Version 12.00
# Visual Studio 15
VisualStudioVersion = 15.0.27130.2010
MinimumVisualStudioVersion = 10.0.40219.1
Project("{FAE04EC0-301F-11D3-BF4B-00C04F79EFBC}") = "WebShopTutorial", "WebShopTutorial\WebShopTutorial.csproj", "{C23245E6-74FD-43A6-8D7F-D681726F40C9}"
EndProject
Global
	GlobalSection(SolutionConfigurationPlatforms) = preSolution
		Debug|Any CPU = Debug|Any CPU
		Release|Any CPU = Release|Any CPU
	EndGlobalSection
	GlobalSection(ProjectConfigurationPlatforms) = postSolution
		{C23245E6-74FD-43A6-8D7F-D681726F40C9}.Debug|Any CPU.ActiveCfg = Debug|Any CPU
		{C23245E6-74FD-43A6-8D7F-D681726F40C9}.Debug|Any CPU.Build.0 = Debug|Any CPU
		{C23245E6-74FD-43A6-8D7F-D681726F40C9}.Release|Any CPU.ActiveCfg = Release|Any CPU
		{C23245E6-74FD-43A6-8D7F-D681726F40C9}.Release|Any CPU.Build.0 = Release|Any CPU
	EndGlobalSection
	GlobalSection(SolutionProperties) = preSolution
		HideSolutionNode = FALSE
	EndGlobalSection
	GlobalSection(ExtensibilityGlobals) = postSolution
		SolutionGuid = {6D79E444-0DB5-420E-BB6D-53FB47786FBA}
	EndGlobalSection
EndGlobal
